{
  "name": "pakscript-core",
  "version": "1.0.0",
  "lockfileVersion": 3,
  "requires": true,
  "packages": {
    "": {
      "name": "pakscript-core",
      "version": "1.0.0",
      "license": "MIT",
      "dependencies": {
        "zod": "^3.22.4"
      }
    },
    "node_modules/zod": {
      "version": "3.22.4",
      "resolved": "https://registry.npmjs.org/zod/-/zod-3.22.4.tgz",
      "integrity": "sha512-Y79/+W8ov0VpzqTzC7ZpX7V6VkD6ThLlyY5N3S2F/S82K18S96H9F0Yf65y1Z5x5X5w==",
      "engines": {
        "node": ">=10"
      }
    }
  }
}
